// !$*UTF8*$!
{
	archiveVersion = 1;
	classes = {
	};
	objectVersion = 55;
	objects = {

/* Begin PBXBuildFile section */
		9146BF09287C81AF005FC36D /* AppDelegate.swift in Sources */ = {isa = PBXBuildFile; fileRef = 9146BF08287C81AF005FC36D /* AppDelegate.swift */; };
		9146BF0B287C81AF005FC36D /* SceneDelegate.swift in Sources */ = {isa = PBXBuildFile; fileRef = 9146BF0A287C81AF005FC36D /* SceneDelegate.swift */; };
		9146BF10287C81AF005FC36D /* Main.storyboard in Resources */ = {isa = PBXBuildFile; fileRef = 9146BF0E287C81AF005FC36D /* Main.storyboard */; };
		9146BF12287C81B1005FC36D /* Assets.xcassets in Resources */ = {isa = PBXBuildFile; fileRef = 9146BF11287C81B1005FC36D /* Assets.xcassets */; };
		9146BF15287C81B1005FC36D /* LaunchScreen.storyboard in Resources */ = {isa = PBXBuildFile; fileRef = 9146BF13287C81B1005FC36D /* LaunchScreen.storyboard */; };
		9146BF30287C8A27005FC36D /* Alamofire in Frameworks */ = {isa = PBXBuildFile; productRef = 9146BF2F287C8A27005FC36D /* Alamofire */; };
		9146BF33287C8A5A005FC36D /* SDWebImage in Frameworks */ = {isa = PBXBuildFile; productRef = 9146BF32287C8A5A005FC36D /* SDWebImage */; };
		91798D4E287EFAF5006A9AF1 /* CharacterViewModel.swift in Sources */ = {isa = PBXBuildFile; fileRef = 91798D4D287EFAF5006A9AF1 /* CharacterViewModel.swift */; };
		91798D50287F04CE006A9AF1 /* EpisodeViewModel.swift in Sources */ = {isa = PBXBuildFile; fileRef = 91798D4F287F04CE006A9AF1 /* EpisodeViewModel.swift */; };
		91798D72287F6D34006A9AF1 /* Location.swift in Sources */ = {isa = PBXBuildFile; fileRef = 91798D71287F6D34006A9AF1 /* Location.swift */; };
		91798D74287F7C75006A9AF1 /* RMCharacterHeader.swift in Sources */ = {isa = PBXBuildFile; fileRef = 91798D73287F7C75006A9AF1 /* RMCharacterHeader.swift */; };
		91798D76287F83FC006A9AF1 /* ProfileController .swift in Sources */ = {isa = PBXBuildFile; fileRef = 91798D75287F83FC006A9AF1 /* ProfileController .swift */; };
		91798D78287F8C86006A9AF1 /* RMProfileFilterView.swift in Sources */ = {isa = PBXBuildFile; fileRef = 91798D77287F8C86006A9AF1 /* RMProfileFilterView.swift */; };
		91798D7A287F8CC6006A9AF1 /* RMEpisodeCell.swift in Sources */ = {isa = PBXBuildFile; fileRef = 91798D79287F8CC6006A9AF1 /* RMEpisodeCell.swift */; };
		91798D7C287F93C0006A9AF1 /* RMProfileFilterCell.swift in Sources */ = {isa = PBXBuildFile; fileRef = 91798D7B287F93BF006A9AF1 /* RMProfileFilterCell.swift */; };
		91798D7E287F97B1006A9AF1 /* RMProfileHeader.swift in Sources */ = {isa = PBXBuildFile; fileRef = 91798D7D287F97B1006A9AF1 /* RMProfileHeader.swift */; };
		91E9A1DF287CA7E2001DA695 /* ViewController.swift in Sources */ = {isa = PBXBuildFile; fileRef = 91E9A1DE287CA7E2001DA695 /* ViewController.swift */; };
		91E9A1E1287CA91D001DA695 /* Extensions.swift in Sources */ = {isa = PBXBuildFile; fileRef = 91E9A1E0287CA91D001DA695 /* Extensions.swift */; };
		91E9A1E3287CA94A001DA695 /* Character.swift in Sources */ = {isa = PBXBuildFile; fileRef = 91E9A1E2287CA94A001DA695 /* Character.swift */; };
		91E9A1E5287CA972001DA695 /* Episode.swift in Sources */ = {isa = PBXBuildFile; fileRef = 91E9A1E4287CA972001DA695 /* Episode.swift */; };
		91E9A1E9287CA9A6001DA695 /* WebService.swift in Sources */ = {isa = PBXBuildFile; fileRef = 91E9A1E8287CA9A6001DA695 /* WebService.swift */; };
		91E9A1ED287CAA87001DA695 /* RMCharacterCell.swift in Sources */ = {isa = PBXBuildFile; fileRef = 91E9A1EC287CAA87001DA695 /* RMCharacterCell.swift */; };
		91E9A1F6287CB413001DA695 /* MainTabController.swift in Sources */ = {isa = PBXBuildFile; fileRef = 91E9A1F5287CB413001DA695 /* MainTabController.swift */; };
		91E9A1F8287CCE4C001DA695 /* FeedController.swift in Sources */ = {isa = PBXBuildFile; fileRef = 91E9A1F7287CCE4C001DA695 /* FeedController.swift */; };
		91E9A1FA287CD437001DA695 /* EpisodeController.swift in Sources */ = {isa = PBXBuildFile; fileRef = 91E9A1F9287CD437001DA695 /* EpisodeController.swift */; };
/* End PBXBuildFile section */

/* Begin PBXFileReference section */
		9146BF05287C81AF005FC36D /* RickAndMortySocial.app */ = {isa = PBXFileReference; explicitFileType = wrapper.application; includeInIndex = 0; path = RickAndMortySocial.app; sourceTree = BUILT_PRODUCTS_DIR; };
		9146BF08287C81AF005FC36D /* AppDelegate.swift */ = {isa = PBXFileReference; lastKnownFileType = sourcecode.swift; path = AppDelegate.swift; sourceTree = "<group>"; };
		9146BF0A287C81AF005FC36D /* SceneDelegate.swift */ = {isa = PBXFileReference; lastKnownFileType = sourcecode.swift; path = SceneDelegate.swift; sourceTree = "<group>"; };
		9146BF0F287C81AF005FC36D /* Base */ = {isa = PBXFileReference; lastKnownFileType = file.storyboard; name = Base; path = Base.lproj/Main.storyboard; sourceTree = "<group>"; };
		9146BF11287C81B1005FC36D /* Assets.xcassets */ = {isa = PBXFileReference; lastKnownFileType = folder.assetcatalog; path = Assets.xcassets; sourceTree = "<group>"; };
		9146BF14287C81B1005FC36D /* Base */ = {isa = PBXFileReference; lastKnownFileType = file.storyboard; name = Base; path = Base.lproj/LaunchScreen.storyboard; sourceTree = "<group>"; };
		9146BF16287C81B1005FC36D /* Info.plist */ = {isa = PBXFileReference; lastKnownFileType = text.plist.xml; path = Info.plist; sourceTree = "<group>"; };
		91798D4D287EFAF5006A9AF1 /* CharacterViewModel.swift */ = {isa = PBXFileReference; lastKnownFileType = sourcecode.swift; path = CharacterViewModel.swift; sourceTree = "<group>"; };
		91798D4F287F04CE006A9AF1 /* EpisodeViewModel.swift */ = {isa = PBXFileReference; lastKnownFileType = sourcecode.swift; path = EpisodeViewModel.swift; sourceTree = "<group>"; };
		91798D71287F6D34006A9AF1 /* Location.swift */ = {isa = PBXFileReference; lastKnownFileType = sourcecode.swift; path = Location.swift; sourceTree = "<group>"; };
		91798D73287F7C75006A9AF1 /* RMCharacterHeader.swift */ = {isa = PBXFileReference; lastKnownFileType = sourcecode.swift; path = RMCharacterHeader.swift; sourceTree = "<group>"; };
		91798D75287F83FC006A9AF1 /* ProfileController .swift */ = {isa = PBXFileReference; lastKnownFileType = sourcecode.swift; path = "ProfileController .swift"; sourceTree = "<group>"; };
		91798D77287F8C86006A9AF1 /* RMProfileFilterView.swift */ = {isa = PBXFileReference; lastKnownFileType = sourcecode.swift; path = RMProfileFilterView.swift; sourceTree = "<group>"; };
		91798D79287F8CC6006A9AF1 /* RMEpisodeCell.swift */ = {isa = PBXFileReference; lastKnownFileType = sourcecode.swift; path = RMEpisodeCell.swift; sourceTree = "<group>"; };
		91798D7B287F93BF006A9AF1 /* RMProfileFilterCell.swift */ = {isa = PBXFileReference; lastKnownFileType = sourcecode.swift; path = RMProfileFilterCell.swift; sourceTree = "<group>"; };
		91798D7D287F97B1006A9AF1 /* RMProfileHeader.swift */ = {isa = PBXFileReference; lastKnownFileType = sourcecode.swift; path = RMProfileHeader.swift; sourceTree = "<group>"; };
		91E9A1DE287CA7E2001DA695 /* ViewController.swift */ = {isa = PBXFileReference; lastKnownFileType = sourcecode.swift; path = ViewController.swift; sourceTree = "<group>"; };
		91E9A1E0287CA91D001DA695 /* Extensions.swift */ = {isa = PBXFileReference; lastKnownFileType = sourcecode.swift; path = Extensions.swift; sourceTree = "<group>"; };
		91E9A1E2287CA94A001DA695 /* Character.swift */ = {isa = PBXFileReference; lastKnownFileType = sourcecode.swift; path = Character.swift; sourceTree = "<group>"; };
		91E9A1E4287CA972001DA695 /* Episode.swift */ = {isa = PBXFileReference; lastKnownFileType = sourcecode.swift; path = Episode.swift; sourceTree = "<group>"; };
		91E9A1E8287CA9A6001DA695 /* WebService.swift */ = {isa = PBXFileReference; lastKnownFileType = sourcecode.swift; path = WebService.swift; sourceTree = "<group>"; };
		91E9A1EC287CAA87001DA695 /* RMCharacterCell.swift */ = {isa = PBXFileReference; lastKnownFileType = sourcecode.swift; path = RMCharacterCell.swift; sourceTree = "<group>"; };
		91E9A1F5287CB413001DA695 /* MainTabController.swift */ = {isa = PBXFileReference; lastKnownFileType = sourcecode.swift; path = MainTabController.swift; sourceTree = "<group>"; };
		91E9A1F7287CCE4C001DA695 /* FeedController.swift */ = {isa = PBXFileReference; lastKnownFileType = sourcecode.swift; path = FeedController.swift; sourceTree = "<group>"; };
		91E9A1F9287CD437001DA695 /* EpisodeController.swift */ = {isa = PBXFileReference; lastKnownFileType = sourcecode.swift; path = EpisodeController.swift; sourceTree = "<group>"; };
/* End PBXFileReference section */

/* Begin PBXFrameworksBuildPhase section */
		9146BF02287C81AF005FC36D /* Frameworks */ = {
			isa = PBXFrameworksBuildPhase;
			buildActionMask = 2147483647;
			files = (
				9146BF33287C8A5A005FC36D /* SDWebImage in Frameworks */,
				9146BF30287C8A27005FC36D /* Alamofire in Frameworks */,
			);
			runOnlyForDeploymentPostprocessing = 0;
		};
/* End PBXFrameworksBuildPhase section */

/* Begin PBXGroup section */
		9146BEFC287C81AF005FC36D = {
			isa = PBXGroup;
			children = (
				9146BF07287C81AF005FC36D /* RickAndMortySocial */,
				9146BF06287C81AF005FC36D /* Products */,
			);
			sourceTree = "<group>";
		};
		9146BF06287C81AF005FC36D /* Products */ = {
			isa = PBXGroup;
			children = (
				9146BF05287C81AF005FC36D /* RickAndMortySocial.app */,
			);
			name = Products;
			sourceTree = "<group>";
		};
		9146BF07287C81AF005FC36D /* RickAndMortySocial */ = {
			isa = PBXGroup;
			children = (
				91E9A1EE287CAB64001DA695 /* Network Managers */,
				91E9A1EF287CAB70001DA695 /* Utils */,
				91E9A1F2287CAB92001DA695 /* Models */,
				91798D4C287EFAD4006A9AF1 /* ViewModels  */,
				91E9A1F1287CAB8B001DA695 /* Views */,
				91E9A1F0287CAB7B001DA695 /* Controllers */,
				9146BF08287C81AF005FC36D /* AppDelegate.swift */,
				9146BF0A287C81AF005FC36D /* SceneDelegate.swift */,
				9146BF0E287C81AF005FC36D /* Main.storyboard */,
				9146BF11287C81B1005FC36D /* Assets.xcassets */,
				9146BF13287C81B1005FC36D /* LaunchScreen.storyboard */,
				9146BF16287C81B1005FC36D /* Info.plist */,
			);
			path = RickAndMortySocial;
			sourceTree = "<group>";
		};
		91798D4C287EFAD4006A9AF1 /* ViewModels  */ = {
			isa = PBXGroup;
			children = (
				91798D4D287EFAF5006A9AF1 /* CharacterViewModel.swift */,
				91798D4F287F04CE006A9AF1 /* EpisodeViewModel.swift */,
			);
			path = "ViewModels ";
			sourceTree = "<group>";
		};
		91E9A1EE287CAB64001DA695 /* Network Managers */ = {
			isa = PBXGroup;
			children = (
				91E9A1E8287CA9A6001DA695 /* WebService.swift */,
			);
			path = "Network Managers";
			sourceTree = "<group>";
		};
		91E9A1EF287CAB70001DA695 /* Utils */ = {
			isa = PBXGroup;
			children = (
				91E9A1E0287CA91D001DA695 /* Extensions.swift */,
			);
			path = Utils;
			sourceTree = "<group>";
		};
		91E9A1F0287CAB7B001DA695 /* Controllers */ = {
			isa = PBXGroup;
			children = (
				91E9A1DE287CA7E2001DA695 /* ViewController.swift */,
				91E9A1F5287CB413001DA695 /* MainTabController.swift */,
				91E9A1F7287CCE4C001DA695 /* FeedController.swift */,
				91E9A1F9287CD437001DA695 /* EpisodeController.swift */,
				91798D75287F83FC006A9AF1 /* ProfileController .swift */,
			);
			path = Controllers;
			sourceTree = "<group>";
		};
		91E9A1F1287CAB8B001DA695 /* Views */ = {
			isa = PBXGroup;
			children = (
				91E9A1EC287CAA87001DA695 /* RMCharacterCell.swift */,
				91798D73287F7C75006A9AF1 /* RMCharacterHeader.swift */,
				91798D77287F8C86006A9AF1 /* RMProfileFilterView.swift */,
				91798D7B287F93BF006A9AF1 /* RMProfileFilterCell.swift */,
				91798D79287F8CC6006A9AF1 /* RMEpisodeCell.swift */,
				91798D7D287F97B1006A9AF1 /* RMProfileHeader.swift */,
			);
			path = Views;
			sourceTree = "<group>";
		};
		91E9A1F2287CAB92001DA695 /* Models */ = {
			isa = PBXGroup;
			children = (
				91E9A1E2287CA94A001DA695 /* Character.swift */,
				91E9A1E4287CA972001DA695 /* Episode.swift */,
				91798D71287F6D34006A9AF1 /* Location.swift */,
			);
			path = Models;
			sourceTree = "<group>";
		};
/* End PBXGroup section */

/* Begin PBXNativeTarget section */
		9146BF04287C81AF005FC36D /* RickAndMortySocial */ = {
			isa = PBXNativeTarget;
			buildConfigurationList = 9146BF19287C81B1005FC36D /* Build configuration list for PBXNativeTarget "RickAndMortySocial" */;
			buildPhases = (
				9146BF01287C81AF005FC36D /* Sources */,
				9146BF02287C81AF005FC36D /* Frameworks */,
				9146BF03287C81AF005FC36D /* Resources */,
			);
			buildRules = (
			);
			dependencies = (
			);
			name = RickAndMortySocial;
			packageProductDependencies = (
				9146BF2F287C8A27005FC36D /* Alamofire */,
				9146BF32287C8A5A005FC36D /* SDWebImage */,
			);
			productName = RickAndMortySocial;
			productReference = 9146BF05287C81AF005FC36D /* RickAndMortySocial.app */;
			productType = "com.apple.product-type.application";
		};
/* End PBXNativeTarget section */

/* Begin PBXProject section */
		9146BEFD287C81AF005FC36D /* Project object */ = {
			isa = PBXProject;
			attributes = {
				BuildIndependentTargetsInParallel = 1;
				LastSwiftUpdateCheck = 1340;
				LastUpgradeCheck = 1340;
				TargetAttributes = {
					9146BF04287C81AF005FC36D = {
						CreatedOnToolsVersion = 13.4.1;
					};
				};
			};
			buildConfigurationList = 9146BF00287C81AF005FC36D /* Build configuration list for PBXProject "RickAndMortySocial" */;
			compatibilityVersion = "Xcode 13.0";
			developmentRegion = en;
			hasScannedForEncodings = 0;
			knownRegions = (
				en,
				Base,
			);
			mainGroup = 9146BEFC287C81AF005FC36D;
			packageReferences = (
				9146BF2E287C8A27005FC36D /* XCRemoteSwiftPackageReference "Alamofire" */,
				9146BF31287C8A5A005FC36D /* XCRemoteSwiftPackageReference "SDWebImage" */,
			);
			productRefGroup = 9146BF06287C81AF005FC36D /* Products */;
			projectDirPath = "";
			projectRoot = "";
			targets = (
				9146BF04287C81AF005FC36D /* RickAndMortySocial */,
			);
		};
/* End PBXProject section */

/* Begin PBXResourcesBuildPhase section */
		9146BF03287C81AF005FC36D /* Resources */ = {
			isa = PBXResourcesBuildPhase;
			buildActionMask = 2147483647;
			files = (
				9146BF15287C81B1005FC36D /* LaunchScreen.storyboard in Resources */,
				9146BF12287C81B1005FC36D /* Assets.xcassets in Resources */,
				9146BF10287C81AF005FC36D /* Main.storyboard in Resources */,
			);
			runOnlyForDeploymentPostprocessing = 0;
		};
/* End PBXResourcesBuildPhase section */

/* Begin PBXSourcesBuildPhase section */
		9146BF01287C81AF005FC36D /* Sources */ = {
			isa = PBXSourcesBuildPhase;
			buildActionMask = 2147483647;
			files = (
				91798D74287F7C75006A9AF1 /* RMCharacterHeader.swift in Sources */,
				91798D7E287F97B1006A9AF1 /* RMProfileHeader.swift in Sources */,
				91E9A1DF287CA7E2001DA695 /* ViewController.swift in Sources */,
				91798D4E287EFAF5006A9AF1 /* CharacterViewModel.swift in Sources */,
				91E9A1E9287CA9A6001DA695 /* WebService.swift in Sources */,
				91798D7A287F8CC6006A9AF1 /* RMEpisodeCell.swift in Sources */,
				91E9A1F6287CB413001DA695 /* MainTabController.swift in Sources */,
				91E9A1ED287CAA87001DA695 /* RMCharacterCell.swift in Sources */,
				91E9A1E5287CA972001DA695 /* Episode.swift in Sources */,
				91798D72287F6D34006A9AF1 /* Location.swift in Sources */,
				91798D78287F8C86006A9AF1 /* RMProfileFilterView.swift in Sources */,
				91798D76287F83FC006A9AF1 /* ProfileController .swift in Sources */,
				9146BF09287C81AF005FC36D /* AppDelegate.swift in Sources */,
				91798D50287F04CE006A9AF1 /* EpisodeViewModel.swift in Sources */,
				91E9A1E3287CA94A001DA695 /* Character.swift in Sources */,
				91E9A1FA287CD437001DA695 /* EpisodeController.swift in Sources */,
				9146BF0B287C81AF005FC36D /* SceneDelegate.swift in Sources */,
				91E9A1F8287CCE4C001DA695 /* FeedController.swift in Sources */,
				91798D7C287F93C0006A9AF1 /* RMProfileFilterCell.swift in Sources */,
				91E9A1E1287CA91D001DA695 /* Extensions.swift in Sources */,
			);
			runOnlyForDeploymentPostprocessing = 0;
		};
/* End PBXSourcesBuildPhase section */

/* Begin PBXVariantGroup section */
		9146BF0E287C81AF005FC36D /* Main.storyboard */ = {
			isa = PBXVariantGroup;
			children = (
				9146BF0F287C81AF005FC36D /* Base */,
			);
			name = Main.storyboard;
			sourceTree = "<group>";
		};
		9146BF13287C81B1005FC36D /* LaunchScreen.storyboard */ = {
			isa = PBXVariantGroup;
			children = (
				9146BF14287C81B1005FC36D /* Base */,
			);
			name = LaunchScreen.storyboard;
			sourceTree = "<group>";
		};
/* End PBXVariantGroup section */

/* Begin XCBuildConfiguration section */
		9146BF17287C81B1005FC36D /* Debug */ = {
			isa = XCBuildConfiguration;
			buildSettings = {
				ALWAYS_SEARCH_USER_PATHS = NO;
				CLANG_ANALYZER_NONNULL = YES;
				CLANG_ANALYZER_NUMBER_OBJECT_CONVERSION = YES_AGGRESSIVE;
				CLANG_CXX_LANGUAGE_STANDARD = "gnu++17";
				CLANG_ENABLE_MODULES = YES;
				CLANG_ENABLE_OBJC_ARC = YES;
				CLANG_ENABLE_OBJC_WEAK = YES;
				CLANG_WARN_BLOCK_CAPTURE_AUTORELEASING = YES;
				CLANG_WARN_BOOL_CONVERSION = YES;
				CLANG_WARN_COMMA = YES;
				CLANG_WARN_CONSTANT_CONVERSION = YES;
				CLANG_WARN_DEPRECATED_OBJC_IMPLEMENTATIONS = YES;
				CLANG_WARN_DIRECT_OBJC_ISA_USAGE = YES_ERROR;
				CLANG_WARN_DOCUMENTATION_COMMENTS = YES;
				CLANG_WARN_EMPTY_BODY = YES;
				CLANG_WARN_ENUM_CONVERSION = YES;
				CLANG_WARN_INFINITE_RECURSION = YES;
				CLANG_WARN_INT_CONVERSION = YES;
				CLANG_WARN_NON_LITERAL_NULL_CONVERSION = YES;
				CLANG_WARN_OBJC_IMPLICIT_RETAIN_SELF = YES;
				CLANG_WARN_OBJC_LITERAL_CONVERSION = YES;
				CLANG_WARN_OBJC_ROOT_CLASS = YES_ERROR;
				CLANG_WARN_QUOTED_INCLUDE_IN_FRAMEWORK_HEADER = YES;
				CLANG_WARN_RANGE_LOOP_ANALYSIS = YES;
				CLANG_WARN_STRICT_PROTOTYPES = YES;
				CLANG_WARN_SUSPICIOUS_MOVE = YES;
				CLANG_WARN_UNGUARDED_AVAILABILITY = YES_AGGRESSIVE;
				CLANG_WARN_UNREACHABLE_CODE = YES;
				CLANG_WARN__DUPLICATE_METHOD_MATCH = YES;
				COPY_PHASE_STRIP = NO;
				DEBUG_INFORMATION_FORMAT = dwarf;
				ENABLE_STRICT_OBJC_MSGSEND = YES;
				ENABLE_TESTABILITY = YES;
				GCC_C_LANGUAGE_STANDARD = gnu11;
				GCC_DYNAMIC_NO_PIC = NO;
				GCC_NO_COMMON_BLOCKS = YES;
				GCC_OPTIMIZATION_LEVEL = 0;
				GCC_PREPROCESSOR_DEFINITIONS = (
					"DEBUG=1",
					"$(inherited)",
				);
				GCC_WARN_64_TO_32_BIT_CONVERSION = YES;
				GCC_WARN_ABOUT_RETURN_TYPE = YES_ERROR;
				GCC_WARN_UNDECLARED_SELECTOR = YES;
				GCC_WARN_UNINITIALIZED_AUTOS = YES_AGGRESSIVE;
				GCC_WARN_UNUSED_FUNCTION = YES;
				GCC_WARN_UNUSED_VARIABLE = YES;
				IPHONEOS_DEPLOYMENT_TARGET = 15.5;
				MTL_ENABLE_DEBUG_INFO = INCLUDE_SOURCE;
				MTL_FAST_MATH = YES;
				ONLY_ACTIVE_ARCH = YES;
				SDKROOT = iphoneos;
				SWIFT_ACTIVE_COMPILATION_CONDITIONS = DEBUG;
				SWIFT_OPTIMIZATION_LEVEL = "-Onone";
			};
			name = Debug;
		};
		9146BF18287C81B1005FC36D /* Release */ = {
			isa = XCBuildConfiguration;
			buildSettings = {
				ALWAYS_SEARCH_USER_PATHS = NO;
				CLANG_ANALYZER_NONNULL = YES;
				CLANG_ANALYZER_NUMBER_OBJECT_CONVERSION = YES_AGGRESSIVE;
				CLANG_CXX_LANGUAGE_STANDARD = "gnu++17";
				CLANG_ENABLE_MODULES = YES;
				CLANG_ENABLE_OBJC_ARC = YES;
				CLANG_ENABLE_OBJC_WEAK = YES;
				CLANG_WARN_BLOCK_CAPTURE_AUTORELEASING = YES;
				CLANG_WARN_BOOL_CONVERSION = YES;
				CLANG_WARN_COMMA = YES;
				CLANG_WARN_CONSTANT_CONVERSION = YES;
				CLANG_WARN_DEPRECATED_OBJC_IMPLEMENTATIONS = YES;
				CLANG_WARN_DIRECT_OBJC_ISA_USAGE = YES_ERROR;
				CLANG_WARN_DOCUMENTATION_COMMENTS = YES;
				CLANG_WARN_EMPTY_BODY = YES;
				CLANG_WARN_ENUM_CONVERSION = YES;
				CLANG_WARN_INFINITE_RECURSION = YES;
				CLANG_WARN_INT_CONVERSION = YES;
				CLANG_WARN_NON_LITERAL_NULL_CONVERSION = YES;
				CLANG_WARN_OBJC_IMPLICIT_RETAIN_SELF = YES;
				CLANG_WARN_OBJC_LITERAL_CONVERSION = YES;
				CLANG_WARN_OBJC_ROOT_CLASS = YES_ERROR;
				CLANG_WARN_QUOTED_INCLUDE_IN_FRAMEWORK_HEADER = YES;
				CLANG_WARN_RANGE_LOOP_ANALYSIS = YES;
				CLANG_WARN_STRICT_PROTOTYPES = YES;
				CLANG_WARN_SUSPICIOUS_MOVE = YES;
				CLANG_WARN_UNGUARDED_AVAILABILITY = YES_AGGRESSIVE;
				CLANG_WARN_UNREACHABLE_CODE = YES;
				CLANG_WARN__DUPLICATE_METHOD_MATCH = YES;
				COPY_PHASE_STRIP = NO;
				DEBUG_INFORMATION_FORMAT = "dwarf-with-dsym";
				ENABLE_NS_ASSERTIONS = NO;
				ENABLE_STRICT_OBJC_MSGSEND = YES;
				GCC_C_LANGUAGE_STANDARD = gnu11;
				GCC_NO_COMMON_BLOCKS = YES;
				GCC_WARN_64_TO_32_BIT_CONVERSION = YES;
				GCC_WARN_ABOUT_RETURN_TYPE = YES_ERROR;
				GCC_WARN_UNDECLARED_SELECTOR = YES;
				GCC_WARN_UNINITIALIZED_AUTOS = YES_AGGRESSIVE;
				GCC_WARN_UNUSED_FUNCTION = YES;
				GCC_WARN_UNUSED_VARIABLE = YES;
				IPHONEOS_DEPLOYMENT_TARGET = 15.5;
				MTL_ENABLE_DEBUG_INFO = NO;
				MTL_FAST_MATH = YES;
				SDKROOT = iphoneos;
				SWIFT_COMPILATION_MODE = wholemodule;
				SWIFT_OPTIMIZATION_LEVEL = "-O";
				VALIDATE_PRODUCT = YES;
			};
			name = Release;
		};
		9146BF1A287C81B1005FC36D /* Debug */ = {
			isa = XCBuildConfiguration;
			buildSettings = {
				ASSETCATALOG_COMPILER_APPICON_NAME = AppIcon;
				ASSETCATALOG_COMPILER_GLOBAL_ACCENT_COLOR_NAME = AccentColor;
				CODE_SIGN_STYLE = Automatic;
				CURRENT_PROJECT_VERSION = 1;
				DEVELOPMENT_TEAM = PLXRGQY243;
				GENERATE_INFOPLIST_FILE = YES;
				INFOPLIST_FILE = RickAndMortySocial/Info.plist;
				INFOPLIST_KEY_UIApplicationSupportsIndirectInputEvents = YES;
				INFOPLIST_KEY_UILaunchStoryboardName = LaunchScreen;
				INFOPLIST_KEY_UIMainStoryboardFile = Main;
				INFOPLIST_KEY_UISupportedInterfaceOrientations_iPad = "UIInterfaceOrientationPortrait UIInterfaceOrientationPortraitUpsideDown UIInterfaceOrientationLandscapeLeft UIInterfaceOrientationLandscapeRight";
				INFOPLIST_KEY_UISupportedInterfaceOrientations_iPhone = "UIInterfaceOrientationPortrait UIInterfaceOrientationLandscapeLeft UIInterfaceOrientationLandscapeRight";
				LD_RUNPATH_SEARCH_PATHS = (
					"$(inherited)",
					"@executable_path/Frameworks",
				);
				MARKETING_VERSION = 1.0;
				PRODUCT_BUNDLE_IDENTIFIER = com.leanlabsinc.ios.RickAndMortySocial;
				PRODUCT_NAME = "$(TARGET_NAME)";
				SWIFT_EMIT_LOC_STRINGS = YES;
				SWIFT_VERSION = 5.0;
				TARGETED_DEVICE_FAMILY = "1,2";
			};
			name = Debug;
		};
		9146BF1B287C81B1005FC36D /* Release */ = {
			isa = XCBuildConfiguration;
			buildSettings = {
				ASSETCATALOG_COMPILER_APPICON_NAME = AppIcon;
				ASSETCATALOG_COMPILER_GLOBAL_ACCENT_COLOR_NAME = AccentColor;
				CODE_SIGN_STYLE = Automatic;
				CURRENT_PROJECT_VERSION = 1;
				DEVELOPMENT_TEAM = PLXRGQY243;
				GENERATE_INFOPLIST_FILE = YES;
				INFOPLIST_FILE = RickAndMortySocial/Info.plist;
				INFOPLIST_KEY_UIApplicationSupportsIndirectInputEvents = YES;
				INFOPLIST_KEY_UILaunchStoryboardName = LaunchScreen;
				INFOPLIST_KEY_UIMainStoryboardFile = Main;
				INFOPLIST_KEY_UISupportedInterfaceOrientations_iPad = "UIInterfaceOrientationPortrait UIInterfaceOrientationPortraitUpsideDown UIInterfaceOrientationLandscapeLeft UIInterfaceOrientationLandscapeRight";
				INFOPLIST_KEY_UISupportedInterfaceOrientations_iPhone = "UIInterfaceOrientationPortrait UIInterfaceOrientationLandscapeLeft UIInterfaceOrientationLandscapeRight";
				LD_RUNPATH_SEARCH_PATHS = (
					"$(inherited)",
					"@executable_path/Frameworks",
				);
				MARKETING_VERSION = 1.0;
				PRODUCT_BUNDLE_IDENTIFIER = com.leanlabsinc.ios.RickAndMortySocial;
				PRODUCT_NAME = "$(TARGET_NAME)";
				SWIFT_EMIT_LOC_STRINGS = YES;
				SWIFT_VERSION = 5.0;
				TARGETED_DEVICE_FAMILY = "1,2";
			};
			name = Release;
		};
/* End XCBuildConfiguration section */

/* Begin XCConfigurationList section */
		9146BF00287C81AF005FC36D /* Build configuration list for PBXProject "RickAndMortySocial" */ = {
			isa = XCConfigurationList;
			buildConfigurations = (
				9146BF17287C81B1005FC36D /* Debug */,
				9146BF18287C81B1005FC36D /* Release */,
			);
			defaultConfigurationIsVisible = 0;
			defaultConfigurationName = Release;
		};
		9146BF19287C81B1005FC36D /* Build configuration list for PBXNativeTarget "RickAndMortySocial" */ = {
			isa = XCConfigurationList;
			buildConfigurations = (
				9146BF1A287C81B1005FC36D /* Debug */,
				9146BF1B287C81B1005FC36D /* Release */,
			);
			defaultConfigurationIsVisible = 0;
			defaultConfigurationName = Release;
		};
/* End XCConfigurationList section */

/* Begin XCRemoteSwiftPackageReference section */
		9146BF2E287C8A27005FC36D /* XCRemoteSwiftPackageReference "Alamofire" */ = {
			isa = XCRemoteSwiftPackageReference;
			repositoryURL = "https://github.com/Alamofire/Alamofire.git";
			requirement = {
				branch = master;
				kind = branch;
			};
		};
		9146BF31287C8A5A005FC36D /* XCRemoteSwiftPackageReference "SDWebImage" */ = {
			isa = XCRemoteSwiftPackageReference;
			repositoryURL = "https://github.com/SDWebImage/SDWebImage";
			requirement = {
				kind = upToNextMajorVersion;
				minimumVersion = 5.0.0;
			};
		};
/* End XCRemoteSwiftPackageReference section */

/* Begin XCSwiftPackageProductDependency section */
		9146BF2F287C8A27005FC36D /* Alamofire */ = {
			isa = XCSwiftPackageProductDependency;
			package = 9146BF2E287C8A27005FC36D /* XCRemoteSwiftPackageReference "Alamofire" */;
			productName = Alamofire;
		};
		9146BF32287C8A5A005FC36D /* SDWebImage */ = {
			isa = XCSwiftPackageProductDependency;
			package = 9146BF31287C8A5A005FC36D /* XCRemoteSwiftPackageReference "SDWebImage" */;
			productName = SDWebImage;
		};
/* End XCSwiftPackageProductDependency section */
	};
	rootObject = 9146BEFD287C81AF005FC36D /* Project object */;
}
